
Microsoft Visual Studio Solution File, Format Version 12.00
# Visual Studio Version 16
VisualStudioVersion = 16.0.29814.53
MinimumVisualStudioVersion = 10.0.40219.1
Project("{FAE04EC0-301F-11D3-BF4B-00C04F79EFBC}") = "opentk-ref-benchmark", "opentk-ref-benchmark\opentk-ref-benchmark.csproj", "{6FC977B4-692C-40C7-96FD-F3D806148454}"
EndProject
Project("{9A19103F-16F7-4668-BE54-9A1E7A4F7556}") = "OpenToolkit.Mathematics", "opentk\src\OpenToolkit.Mathematics\OpenToolkit.Mathematics.csproj", "{78600BCE-0C50-42F5-8DC7-14BCB2FA31E7}"
EndProject
Global
	GlobalSection(SolutionConfigurationPlatforms) = preSolution
		Debug|Any CPU = Debug|Any CPU
		Release|Any CPU = Release|Any CPU
	EndGlobalSection
	GlobalSection(ProjectConfigurationPlatforms) = postSolution
		{6FC977B4-692C-40C7-96FD-F3D806148454}.Debug|Any CPU.ActiveCfg = Debug|Any CPU
		{6FC977B4-692C-40C7-96FD-F3D806148454}.Debug|Any CPU.Build.0 = Debug|Any CPU
		{6FC977B4-692C-40C7-96FD-F3D806148454}.Release|Any CPU.ActiveCfg = Release|Any CPU
		{6FC977B4-692C-40C7-96FD-F3D806148454}.Release|Any CPU.Build.0 = Release|Any CPU
		{78600BCE-0C50-42F5-8DC7-14BCB2FA31E7}.Debug|Any CPU.ActiveCfg = Debug|Any CPU
		{78600BCE-0C50-42F5-8DC7-14BCB2FA31E7}.Debug|Any CPU.Build.0 = Debug|Any CPU
		{78600BCE-0C50-42F5-8DC7-14BCB2FA31E7}.Release|Any CPU.ActiveCfg = Release|Any CPU
		{78600BCE-0C50-42F5-8DC7-14BCB2FA31E7}.Release|Any CPU.Build.0 = Release|Any CPU
	EndGlobalSection
	GlobalSection(SolutionProperties) = preSolution
		HideSolutionNode = FALSE
	EndGlobalSection
	GlobalSection(ExtensibilityGlobals) = postSolution
		SolutionGuid = {78CEEFEA-40E8-4018-ACD4-5811CA2FE220}
	EndGlobalSection
EndGlobal
